
Microsoft Visual Studio Solution File, Format Version 12.00
# Visual Studio 15
VisualStudioVersion = 15.0.28307.329
MinimumVisualStudioVersion = 10.0.40219.1
Project("{FAE04EC0-301F-11D3-BF4B-00C04F79EFBC}") = "AuthWeApi", "AuthWeApi\AuthWeApi.csproj", "{044024A7-B533-4AAB-92EB-41DCD55118E7}"
EndProject
Global
	GlobalSection(SolutionConfigurationPlatforms) = preSolution
		Debug|Any CPU = Debug|Any CPU
		Release|Any CPU = Release|Any CPU
	EndGlobalSection
	GlobalSection(ProjectConfigurationPlatforms) = postSolution
		{044024A7-B533-4AAB-92EB-41DCD55118E7}.Debug|Any CPU.ActiveCfg = Debug|Any CPU
		{044024A7-B533-4AAB-92EB-41DCD55118E7}.Debug|Any CPU.Build.0 = Debug|Any CPU
		{044024A7-B533-4AAB-92EB-41DCD55118E7}.Release|Any CPU.ActiveCfg = Release|Any CPU
		{044024A7-B533-4AAB-92EB-41DCD55118E7}.Release|Any CPU.Build.0 = Release|Any CPU
	EndGlobalSection
	GlobalSection(SolutionProperties) = preSolution
		HideSolutionNode = FALSE
	EndGlobalSection
	GlobalSection(ExtensibilityGlobals) = postSolution
		SolutionGuid = {5FABE093-0A0C-458E-ABA2-52B324EC718E}
	EndGlobalSection
EndGlobal
